
Microsoft Visual Studio Solution File, Format Version 12.00
# Visual Studio 15
VisualStudioVersion = 15.0.26124.0
MinimumVisualStudioVersion = 15.0.26124.0
Project("{9A19103F-16F7-4668-BE54-9A1E7A4F7556}") = "bayonet.Api", "src\bayonet.Api\bayonet.Api.csproj", "{1384FA2A-F17B-49D9-9302-54F390A5590A}"
EndProject
Project("{9A19103F-16F7-4668-BE54-9A1E7A4F7556}") = "bayonet.Core", "src\bayonet.Core\bayonet.Core.csproj", "{905E70B7-39FA-4E60-8E2C-E600E491A7EB}"
EndProject
Project("{9A19103F-16F7-4668-BE54-9A1E7A4F7556}") = "bayonet.Data", "src\bayonet.Data\bayonet.Data.csproj", "{564F880B-E353-49E7-B644-A2632081F76F}"
EndProject
Project("{9A19103F-16F7-4668-BE54-9A1E7A4F7556}") = "bayonet.Api.Tests", "test\bayonet.Api.Tests\bayonet.Api.Tests.csproj", "{5E5CCA21-798D-490B-9AD3-A920D4308EB4}"
EndProject
Project("{9A19103F-16F7-4668-BE54-9A1E7A4F7556}") = "bayonet.Core.Tests", "test\bayonet.Core.Tests\bayonet.Core.Tests.csproj", "{B6B126DA-C134-47AA-BC99-659BAEA4C50E}"
EndProject
Project("{9A19103F-16F7-4668-BE54-9A1E7A4F7556}") = "bayonet.Client", "src\bayonet.Client\bayonet.Client.csproj", "{91120A61-872D-4F71-B38B-DF797D58FB0D}"
EndProject
Global
	GlobalSection(SolutionConfigurationPlatforms) = preSolution
		Debug|Any CPU = Debug|Any CPU
		Debug|x64 = Debug|x64
		Debug|x86 = Debug|x86
		Release|Any CPU = Release|Any CPU
		Release|x64 = Release|x64
		Release|x86 = Release|x86
	EndGlobalSection
	GlobalSection(ProjectConfigurationPlatforms) = postSolution
		{1384FA2A-F17B-49D9-9302-54F390A5590A}.Debug|Any CPU.ActiveCfg = Debug|Any CPU
		{1384FA2A-F17B-49D9-9302-54F390A5590A}.Debug|Any CPU.Build.0 = Debug|Any CPU
		{1384FA2A-F17B-49D9-9302-54F390A5590A}.Debug|x64.ActiveCfg = Debug|Any CPU
		{1384FA2A-F17B-49D9-9302-54F390A5590A}.Debug|x64.Build.0 = Debug|Any CPU
		{1384FA2A-F17B-49D9-9302-54F390A5590A}.Debug|x86.ActiveCfg = Debug|Any CPU
		{1384FA2A-F17B-49D9-9302-54F390A5590A}.Debug|x86.Build.0 = Debug|Any CPU
		{1384FA2A-F17B-49D9-9302-54F390A5590A}.Release|Any CPU.ActiveCfg = Release|Any CPU
		{1384FA2A-F17B-49D9-9302-54F390A5590A}.Release|Any CPU.Build.0 = Release|Any CPU
		{1384FA2A-F17B-49D9-9302-54F390A5590A}.Release|x64.ActiveCfg = Release|Any CPU
		{1384FA2A-F17B-49D9-9302-54F390A5590A}.Release|x64.Build.0 = Release|Any CPU
		{1384FA2A-F17B-49D9-9302-54F390A5590A}.Release|x86.ActiveCfg = Release|Any CPU
		{1384FA2A-F17B-49D9-9302-54F390A5590A}.Release|x86.Build.0 = Release|Any CPU
		{905E70B7-39FA-4E60-8E2C-E600E491A7EB}.Debug|Any CPU.ActiveCfg = Debug|Any CPU
		{905E70B7-39FA-4E60-8E2C-E600E491A7EB}.Debug|Any CPU.Build.0 = Debug|Any CPU
		{905E70B7-39FA-4E60-8E2C-E600E491A7EB}.Debug|x64.ActiveCfg = Debug|Any CPU
		{905E70B7-39FA-4E60-8E2C-E600E491A7EB}.Debug|x64.Build.0 = Debug|Any CPU
		{905E70B7-39FA-4E60-8E2C-E600E491A7EB}.Debug|x86.ActiveCfg = Debug|Any CPU
		{905E70B7-39FA-4E60-8E2C-E600E491A7EB}.Debug|x86.Build.0 = Debug|Any CPU
		{905E70B7-39FA-4E60-8E2C-E600E491A7EB}.Release|Any CPU.ActiveCfg = Release|Any CPU
		{905E70B7-39FA-4E60-8E2C-E600E491A7EB}.Release|Any CPU.Build.0 = Release|Any CPU
		{905E70B7-39FA-4E60-8E2C-E600E491A7EB}.Release|x64.ActiveCfg = Release|Any CPU
		{905E70B7-39FA-4E60-8E2C-E600E491A7EB}.Release|x64.Build.0 = Release|Any CPU
		{905E70B7-39FA-4E60-8E2C-E600E491A7EB}.Release|x86.ActiveCfg = Release|Any CPU
		{905E70B7-39FA-4E60-8E2C-E600E491A7EB}.Release|x86.Build.0 = Release|Any CPU
		{564F880B-E353-49E7-B644-A2632081F76F}.Debug|Any CPU.ActiveCfg = Debug|Any CPU
		{564F880B-E353-49E7-B644-A2632081F76F}.Debug|Any CPU.Build.0 = Debug|Any CPU
		{564F880B-E353-49E7-B644-A2632081F76F}.Debug|x64.ActiveCfg = Debug|Any CPU
		{564F880B-E353-49E7-B644-A2632081F76F}.Debug|x64.Build.0 = Debug|Any CPU
		{564F880B-E353-49E7-B644-A2632081F76F}.Debug|x86.ActiveCfg = Debug|Any CPU
		{564F880B-E353-49E7-B644-A2632081F76F}.Debug|x86.Build.0 = Debug|Any CPU
		{564F880B-E353-49E7-B644-A2632081F76F}.Release|Any CPU.ActiveCfg = Release|Any CPU
		{564F880B-E353-49E7-B644-A2632081F76F}.Release|Any CPU.Build.0 = Release|Any CPU
		{564F880B-E353-49E7-B644-A2632081F76F}.Release|x64.ActiveCfg = Release|Any CPU
		{564F880B-E353-49E7-B644-A2632081F76F}.Release|x64.Build.0 = Release|Any CPU
		{564F880B-E353-49E7-B644-A2632081F76F}.Release|x86.ActiveCfg = Release|Any CPU
		{564F880B-E353-49E7-B644-A2632081F76F}.Release|x86.Build.0 = Release|Any CPU
		{5E5CCA21-798D-490B-9AD3-A920D4308EB4}.Debug|Any CPU.ActiveCfg = Debug|Any CPU
		{5E5CCA21-798D-490B-9AD3-A920D4308EB4}.Debug|Any CPU.Build.0 = Debug|Any CPU
		{5E5CCA21-798D-490B-9AD3-A920D4308EB4}.Debug|x64.ActiveCfg = Debug|Any CPU
		{5E5CCA21-798D-490B-9AD3-A920D4308EB4}.Debug|x64.Build.0 = Debug|Any CPU
		{5E5CCA21-798D-490B-9AD3-A920D4308EB4}.Debug|x86.ActiveCfg = Debug|Any CPU
		{5E5CCA21-798D-490B-9AD3-A920D4308EB4}.Debug|x86.Build.0 = Debug|Any CPU
		{5E5CCA21-798D-490B-9AD3-A920D4308EB4}.Release|Any CPU.ActiveCfg = Release|Any CPU
		{5E5CCA21-798D-490B-9AD3-A920D4308EB4}.Release|Any CPU.Build.0 = Release|Any CPU
		{5E5CCA21-798D-490B-9AD3-A920D4308EB4}.Release|x64.ActiveCfg = Release|Any CPU
		{5E5CCA21-798D-490B-9AD3-A920D4308EB4}.Release|x64.Build.0 = Release|Any CPU
		{5E5CCA21-798D-490B-9AD3-A920D4308EB4}.Release|x86.ActiveCfg = Release|Any CPU
		{5E5CCA21-798D-490B-9AD3-A920D4308EB4}.Release|x86.Build.0 = Release|Any CPU
		{B6B126DA-C134-47AA-BC99-659BAEA4C50E}.Debug|Any CPU.ActiveCfg = Debug|Any CPU
		{B6B126DA-C134-47AA-BC99-659BAEA4C50E}.Debug|Any CPU.Build.0 = Debug|Any CPU
		{B6B126DA-C134-47AA-BC99-659BAEA4C50E}.Debug|x64.ActiveCfg = Debug|Any CPU
		{B6B126DA-C134-47AA-BC99-659BAEA4C50E}.Debug|x64.Build.0 = Debug|Any CPU
		{B6B126DA-C134-47AA-BC99-659BAEA4C50E}.Debug|x86.ActiveCfg = Debug|Any CPU
		{B6B126DA-C134-47AA-BC99-659BAEA4C50E}.Debug|x86.Build.0 = Debug|Any CPU
		{B6B126DA-C134-47AA-BC99-659BAEA4C50E}.Release|Any CPU.ActiveCfg = Release|Any CPU
		{B6B126DA-C134-47AA-BC99-659BAEA4C50E}.Release|Any CPU.Build.0 = Release|Any CPU
		{B6B126DA-C134-47AA-BC99-659BAEA4C50E}.Release|x64.ActiveCfg = Release|Any CPU
		{B6B126DA-C134-47AA-BC99-659BAEA4C50E}.Release|x64.Build.0 = Release|Any CPU
		{B6B126DA-C134-47AA-BC99-659BAEA4C50E}.Release|x86.ActiveCfg = Release|Any CPU
		{B6B126DA-C134-47AA-BC99-659BAEA4C50E}.Release|x86.Build.0 = Release|Any CPU
		{91120A61-872D-4F71-B38B-DF797D58FB0D}.Debug|Any CPU.ActiveCfg = Debug|Any CPU
		{91120A61-872D-4F71-B38B-DF797D58FB0D}.Debug|Any CPU.Build.0 = Debug|Any CPU
		{91120A61-872D-4F71-B38B-DF797D58FB0D}.Debug|x64.ActiveCfg = Debug|Any CPU
		{91120A61-872D-4F71-B38B-DF797D58FB0D}.Debug|x64.Build.0 = Debug|Any CPU
		{91120A61-872D-4F71-B38B-DF797D58FB0D}.Debug|x86.ActiveCfg = Debug|Any CPU
		{91120A61-872D-4F71-B38B-DF797D58FB0D}.Debug|x86.Build.0 = Debug|Any CPU
		{91120A61-872D-4F71-B38B-DF797D58FB0D}.Release|Any CPU.ActiveCfg = Release|Any CPU
		{91120A61-872D-4F71-B38B-DF797D58FB0D}.Release|Any CPU.Build.0 = Release|Any CPU
		{91120A61-872D-4F71-B38B-DF797D58FB0D}.Release|x64.ActiveCfg = Release|Any CPU
		{91120A61-872D-4F71-B38B-DF797D58FB0D}.Release|x64.Build.0 = Release|Any CPU
		{91120A61-872D-4F71-B38B-DF797D58FB0D}.Release|x86.ActiveCfg = Release|Any CPU
		{91120A61-872D-4F71-B38B-DF797D58FB0D}.Release|x86.Build.0 = Release|Any CPU
	EndGlobalSection
	GlobalSection(SolutionProperties) = preSolution
		HideSolutionNode = FALSE
	EndGlobalSection
	GlobalSection(ExtensibilityGlobals) = postSolution
		SolutionGuid = {48988752-F162-4087-AF46-33D276AA26B8}
	EndGlobalSection
EndGlobal
